
Microsoft Visual Studio Solution File, Format Version 12.00
# Visual Studio 2012
Project("{FAE04EC0-301F-11D3-BF4B-00C04F79EFBC}") = "Compound", "Compound\Compound.csproj", "{796B1874-5106-4006-82E1-AF8B6CBDBE05}"
EndProject
Project("{FAE04EC0-301F-11D3-BF4B-00C04F79EFBC}") = "Compound.iOS", "iOS\Compound.iOS.csproj", "{F13324E1-605C-4B51-A9F9-1245EB0F52EF}"
EndProject
Project("{FAE04EC0-301F-11D3-BF4B-00C04F79EFBC}") = "Compound.Droid", "Droid\Compound.Droid.csproj", "{35A40DCE-C939-4F7D-B458-A52227A3543F}"
EndProject
Global
	GlobalSection(SolutionConfigurationPlatforms) = preSolution
		Debug|Any CPU = Debug|Any CPU
		Release|Any CPU = Release|Any CPU
		Debug|iPhoneSimulator = Debug|iPhoneSimulator
		Release|iPhone = Release|iPhone
		Release|iPhoneSimulator = Release|iPhoneSimulator
		Debug|iPhone = Debug|iPhone
	EndGlobalSection
	GlobalSection(ProjectConfigurationPlatforms) = postSolution
		{796B1874-5106-4006-82E1-AF8B6CBDBE05}.Debug|Any CPU.ActiveCfg = Debug|Any CPU
		{796B1874-5106-4006-82E1-AF8B6CBDBE05}.Debug|Any CPU.Build.0 = Debug|Any CPU
		{796B1874-5106-4006-82E1-AF8B6CBDBE05}.Release|Any CPU.ActiveCfg = Release|Any CPU
		{796B1874-5106-4006-82E1-AF8B6CBDBE05}.Release|Any CPU.Build.0 = Release|Any CPU
		{796B1874-5106-4006-82E1-AF8B6CBDBE05}.Debug|iPhoneSimulator.ActiveCfg = Debug|Any CPU
		{796B1874-5106-4006-82E1-AF8B6CBDBE05}.Debug|iPhoneSimulator.Build.0 = Debug|Any CPU
		{796B1874-5106-4006-82E1-AF8B6CBDBE05}.Release|iPhone.ActiveCfg = Release|Any CPU
		{796B1874-5106-4006-82E1-AF8B6CBDBE05}.Release|iPhone.Build.0 = Release|Any CPU
		{796B1874-5106-4006-82E1-AF8B6CBDBE05}.Release|iPhoneSimulator.ActiveCfg = Release|Any CPU
		{796B1874-5106-4006-82E1-AF8B6CBDBE05}.Release|iPhoneSimulator.Build.0 = Release|Any CPU
		{796B1874-5106-4006-82E1-AF8B6CBDBE05}.Debug|iPhone.ActiveCfg = Debug|Any CPU
		{796B1874-5106-4006-82E1-AF8B6CBDBE05}.Debug|iPhone.Build.0 = Debug|Any CPU
		{F13324E1-605C-4B51-A9F9-1245EB0F52EF}.Debug|Any CPU.ActiveCfg = Debug|iPhoneSimulator
		{F13324E1-605C-4B51-A9F9-1245EB0F52EF}.Debug|Any CPU.Build.0 = Debug|iPhoneSimulator
		{F13324E1-605C-4B51-A9F9-1245EB0F52EF}.Release|Any CPU.ActiveCfg = Debug|iPhoneSimulator
		{F13324E1-605C-4B51-A9F9-1245EB0F52EF}.Release|Any CPU.Build.0 = Debug|iPhoneSimulator
		{F13324E1-605C-4B51-A9F9-1245EB0F52EF}.Debug|iPhoneSimulator.ActiveCfg = Debug|iPhoneSimulator
		{F13324E1-605C-4B51-A9F9-1245EB0F52EF}.Debug|iPhoneSimulator.Build.0 = Debug|iPhoneSimulator
		{F13324E1-605C-4B51-A9F9-1245EB0F52EF}.Release|iPhone.ActiveCfg = Release|iPhone
		{F13324E1-605C-4B51-A9F9-1245EB0F52EF}.Release|iPhone.Build.0 = Release|iPhone
		{F13324E1-605C-4B51-A9F9-1245EB0F52EF}.Release|iPhoneSimulator.ActiveCfg = Release|iPhoneSimulator
		{F13324E1-605C-4B51-A9F9-1245EB0F52EF}.Release|iPhoneSimulator.Build.0 = Release|iPhoneSimulator
		{F13324E1-605C-4B51-A9F9-1245EB0F52EF}.Debug|iPhone.ActiveCfg = Debug|iPhone
		{F13324E1-605C-4B51-A9F9-1245EB0F52EF}.Debug|iPhone.Build.0 = Debug|iPhone
		{35A40DCE-C939-4F7D-B458-A52227A3543F}.Debug|Any CPU.ActiveCfg = Debug|Any CPU
		{35A40DCE-C939-4F7D-B458-A52227A3543F}.Debug|Any CPU.Build.0 = Debug|Any CPU
		{35A40DCE-C939-4F7D-B458-A52227A3543F}.Release|Any CPU.ActiveCfg = Release|Any CPU
		{35A40DCE-C939-4F7D-B458-A52227A3543F}.Release|Any CPU.Build.0 = Release|Any CPU
		{35A40DCE-C939-4F7D-B458-A52227A3543F}.Debug|iPhoneSimulator.ActiveCfg = Debug|Any CPU
		{35A40DCE-C939-4F7D-B458-A52227A3543F}.Debug|iPhoneSimulator.Build.0 = Debug|Any CPU
		{35A40DCE-C939-4F7D-B458-A52227A3543F}.Release|iPhone.ActiveCfg = Release|Any CPU
		{35A40DCE-C939-4F7D-B458-A52227A3543F}.Release|iPhone.Build.0 = Release|Any CPU
		{35A40DCE-C939-4F7D-B458-A52227A3543F}.Release|iPhoneSimulator.ActiveCfg = Release|Any CPU
		{35A40DCE-C939-4F7D-B458-A52227A3543F}.Release|iPhoneSimulator.Build.0 = Release|Any CPU
		{35A40DCE-C939-4F7D-B458-A52227A3543F}.Debug|iPhone.ActiveCfg = Debug|Any CPU
		{35A40DCE-C939-4F7D-B458-A52227A3543F}.Debug|iPhone.Build.0 = Debug|Any CPU
	EndGlobalSection
EndGlobal
